// !$*UTF8*$!
{
	archiveVersion = 1;
	classes = {
	};
	objectVersion = 77;
	objects = {

/* Begin PBXBuildFile section */
		176C8E472DE1D91C00DADCAB /* FirebaseAuth in Frameworks */ = {isa = PBXBuildFile; productRef = 176C8E462DE1D91C00DADCAB /* FirebaseAuth */; };
		176C8E492DE1D91C00DADCAB /* FirebaseCore in Frameworks */ = {isa = PBXBuildFile; productRef = 176C8E482DE1D91C00DADCAB /* FirebaseCore */; };
		1790CBE92DE2F35C00D72EB9 /* DelaunayTriangulation in Frameworks */ = {isa = PBXBuildFile; productRef = 1790CBE82DE2F35C00D72EB9 /* DelaunayTriangulation */; };
		1C978AD67F8B4902B0693EB1 /* Pods_MoruMe.framework in Frameworks */ = {isa = PBXBuildFile; fileRef = BBAE5E154BE146EFF6C2C156 /* Pods_MoruMe.framework */; };
		C18F86CF2DE8429000A05F81 /* Settings.bundle in Resources */ = {isa = PBXBuildFile; fileRef = C18F86CE2DE8429000A05F81 /* Settings.bundle */; };
		C18F86D12DE842EB00A05F81 /* license_plist.yml in Resources */ = {isa = PBXBuildFile; fileRef = C18F86D02DE842EB00A05F81 /* license_plist.yml */; };
/* End PBXBuildFile section */

/* Begin PBXFileReference section */
		17A95E502DD58E750096EDDE /* MoruMe.app */ = {isa = PBXFileReference; explicitFileType = wrapper.application; includeInIndex = 0; path = MoruMe.app; sourceTree = BUILT_PRODUCTS_DIR; };
		1DD47B77BB99035E0D36D2D0 /* Pods-MoruMe.release.xcconfig */ = {isa = PBXFileReference; includeInIndex = 1; lastKnownFileType = text.xcconfig; name = "Pods-MoruMe.release.xcconfig"; path = "Target Support Files/Pods-MoruMe/Pods-MoruMe.release.xcconfig"; sourceTree = "<group>"; };
		53ECC382A56AE3887025E0D1 /* Pods-MoruMe.debug.xcconfig */ = {isa = PBXFileReference; includeInIndex = 1; lastKnownFileType = text.xcconfig; name = "Pods-MoruMe.debug.xcconfig"; path = "Target Support Files/Pods-MoruMe/Pods-MoruMe.debug.xcconfig"; sourceTree = "<group>"; };
		BBAE5E154BE146EFF6C2C156 /* Pods_MoruMe.framework */ = {isa = PBXFileReference; explicitFileType = wrapper.framework; includeInIndex = 0; path = Pods_MoruMe.framework; sourceTree = BUILT_PRODUCTS_DIR; };
		C18F86CE2DE8429000A05F81 /* Settings.bundle */ = {isa = PBXFileReference; lastKnownFileType = "wrapper.plug-in"; path = Settings.bundle; sourceTree = "<group>"; };
		C18F86D02DE842EB00A05F81 /* license_plist.yml */ = {isa = PBXFileReference; lastKnownFileType = text.yaml; path = license_plist.yml; sourceTree = "<group>"; };
/* End PBXFileReference section */

/* Begin PBXFileSystemSynchronizedRootGroup section */
		17A95E522DD58E750096EDDE /* MoruMe */ = {
			isa = PBXFileSystemSynchronizedRootGroup;
			path = MoruMe;
			sourceTree = "<group>";
		};
/* End PBXFileSystemSynchronizedRootGroup section */

/* Begin PBXFrameworksBuildPhase section */
		17A95E4D2DD58E750096EDDE /* Frameworks */ = {
			isa = PBXFrameworksBuildPhase;
			buildActionMask = 2147483647;
			files = (
				176C8E492DE1D91C00DADCAB /* FirebaseCore in Frameworks */,
				176C8E472DE1D91C00DADCAB /* FirebaseAuth in Frameworks */,
				1790CBE92DE2F35C00D72EB9 /* DelaunayTriangulation in Frameworks */,
				1C978AD67F8B4902B0693EB1 /* Pods_MoruMe.framework in Frameworks */,
			);
			runOnlyForDeploymentPostprocessing = 0;
		};
/* End PBXFrameworksBuildPhase section */

/* Begin PBXGroup section */
		16E168CE7A8F2018778CBE90 /* Frameworks */ = {
			isa = PBXGroup;
			children = (
				BBAE5E154BE146EFF6C2C156 /* Pods_MoruMe.framework */,
			);
			name = Frameworks;
			sourceTree = "<group>";
		};
		17A95E472DD58E750096EDDE = {
			isa = PBXGroup;
			children = (
				C18F86D02DE842EB00A05F81 /* license_plist.yml */,
				C18F86CE2DE8429000A05F81 /* Settings.bundle */,
				17A95E522DD58E750096EDDE /* MoruMe */,
				17A95E512DD58E750096EDDE /* Products */,
				A0DB07B420A6E484B76C5059 /* Pods */,
				16E168CE7A8F2018778CBE90 /* Frameworks */,
			);
			sourceTree = "<group>";
		};
		17A95E512DD58E750096EDDE /* Products */ = {
			isa = PBXGroup;
			children = (
				17A95E502DD58E750096EDDE /* MoruMe.app */,
			);
			name = Products;
			sourceTree = "<group>";
		};
		A0DB07B420A6E484B76C5059 /* Pods */ = {
			isa = PBXGroup;
			children = (
				53ECC382A56AE3887025E0D1 /* Pods-MoruMe.debug.xcconfig */,
				1DD47B77BB99035E0D36D2D0 /* Pods-MoruMe.release.xcconfig */,
			);
			path = Pods;
			sourceTree = "<group>";
		};
/* End PBXGroup section */

/* Begin PBXNativeTarget section */
		17A95E4F2DD58E750096EDDE /* MoruMe */ = {
			isa = PBXNativeTarget;
			buildConfigurationList = 17A95E5B2DD58E760096EDDE /* Build configuration list for PBXNativeTarget "MoruMe" */;
			buildPhases = (
				327A9E3FEF898A84FD291093 /* [CP] Check Pods Manifest.lock */,
				17A95E4C2DD58E750096EDDE /* Sources */,
				17A95E4D2DD58E750096EDDE /* Frameworks */,
				17A95E4E2DD58E750096EDDE /* Resources */,
				C18F86CB2DE8422100A05F81 /* ShellScript */,
			);
			buildRules = (
			);
			dependencies = (
				C18F86CD2DE8426400A05F81 /* PBXTargetDependency */,
				17D5456A2DD8D8B70044C45E /* PBXTargetDependency */,
			);
			fileSystemSynchronizedGroups = (
				17A95E522DD58E750096EDDE /* MoruMe */,
			);
			name = MoruMe;
			packageProductDependencies = (
				176C8E462DE1D91C00DADCAB /* FirebaseAuth */,
				176C8E482DE1D91C00DADCAB /* FirebaseCore */,
				1790CBE82DE2F35C00D72EB9 /* DelaunayTriangulation */,
			);
			productName = Morume;
			productReference = 17A95E502DD58E750096EDDE /* MoruMe.app */;
			productType = "com.apple.product-type.application";
		};
/* End PBXNativeTarget section */

/* Begin PBXProject section */
		17A95E482DD58E750096EDDE /* Project object */ = {
			isa = PBXProject;
			attributes = {
				BuildIndependentTargetsInParallel = 1;
				LastSwiftUpdateCheck = 1630;
				LastUpgradeCheck = 1630;
				TargetAttributes = {
					17A95E4F2DD58E750096EDDE = {
						CreatedOnToolsVersion = 16.3;
					};
				};
			};
			buildConfigurationList = 17A95E4B2DD58E750096EDDE /* Build configuration list for PBXProject "MoruMe" */;
			developmentRegion = en;
			hasScannedForEncodings = 0;
			knownRegions = (
				en,
				Base,
			);
			mainGroup = 17A95E472DD58E750096EDDE;
			minimizedProjectReferenceProxies = 1;
			packageReferences = (
				17D545682DD8D84E0044C45E /* XCRemoteSwiftPackageReference "SwiftLintPlugins" */,
				176C8E452DE1D91C00DADCAB /* XCRemoteSwiftPackageReference "firebase-ios-sdk" */,
				1790CBE72DE2F35C00D72EB9 /* XCRemoteSwiftPackageReference "DelaunaySwift" */,
				C18F86CA2DE8421300A05F81 /* XCRemoteSwiftPackageReference "LicensePlist" */,
			);
			preferredProjectObjectVersion = 77;
			productRefGroup = 17A95E512DD58E750096EDDE /* Products */;
			projectDirPath = "";
			projectRoot = "";
			targets = (
				17A95E4F2DD58E750096EDDE /* MoruMe */,
			);
		};
/* End PBXProject section */

/* Begin PBXResourcesBuildPhase section */
		17A95E4E2DD58E750096EDDE /* Resources */ = {
			isa = PBXResourcesBuildPhase;
			buildActionMask = 2147483647;
			files = (
				C18F86CF2DE8429000A05F81 /* Settings.bundle in Resources */,
				C18F86D12DE842EB00A05F81 /* license_plist.yml in Resources */,
			);
			runOnlyForDeploymentPostprocessing = 0;
		};
/* End PBXResourcesBuildPhase section */

/* Begin PBXShellScriptBuildPhase section */
		327A9E3FEF898A84FD291093 /* [CP] Check Pods Manifest.lock */ = {
			isa = PBXShellScriptBuildPhase;
			buildActionMask = 2147483647;
			files = (
			);
			inputFileListPaths = (
			);
			inputPaths = (
				"${PODS_PODFILE_DIR_PATH}/Podfile.lock",
				"${PODS_ROOT}/Manifest.lock",
			);
			name = "[CP] Check Pods Manifest.lock";
			outputFileListPaths = (
			);
			outputPaths = (
				"$(DERIVED_FILE_DIR)/Pods-MoruMe-checkManifestLockResult.txt",
			);
			runOnlyForDeploymentPostprocessing = 0;
			shellPath = /bin/sh;
			shellScript = "diff \"${PODS_PODFILE_DIR_PATH}/Podfile.lock\" \"${PODS_ROOT}/Manifest.lock\" > /dev/null\nif [ $? != 0 ] ; then\n    # print error to STDERR\n    echo \"error: The sandbox is not in sync with the Podfile.lock. Run 'pod install' or update your CocoaPods installation.\" >&2\n    exit 1\nfi\n# This output is used by Xcode 'outputs' to avoid re-running this script phase.\necho \"SUCCESS\" > \"${SCRIPT_OUTPUT_FILE_0}\"\n";
			showEnvVarsInLog = 0;
		};
		C18F86CB2DE8422100A05F81 /* ShellScript */ = {
			isa = PBXShellScriptBuildPhase;
			buildActionMask = 2147483647;
			files = (
			);
			inputFileListPaths = (
			);
			inputPaths = (
			);
			outputFileListPaths = (
			);
			outputPaths = (
			);
			runOnlyForDeploymentPostprocessing = 0;
			shellPath = /bin/sh;
			shellScript = "# Type a script or drag a script file from your workspace to insert its path.\necho \"Will copy acknowledgements\"\nACKNOWLEDGEMENTS_DIR=${BUILT_PRODUCTS_DIR}/${CONTENTS_FOLDER_PATH}/com.mono0926.LicensePlist.Output\nDESTINATION_PATH=${BUILT_PRODUCTS_DIR}/${CONTENTS_FOLDER_PATH}/Settings.bundle/\ncp -r \"${ACKNOWLEDGEMENTS_DIR}\"/* \"${DESTINATION_PATH}\"\nrm -rf \"${ACKNOWLEDGEMENTS_DIR}\"\n";
		};
/* End PBXShellScriptBuildPhase section */

/* Begin PBXSourcesBuildPhase section */
		17A95E4C2DD58E750096EDDE /* Sources */ = {
			isa = PBXSourcesBuildPhase;
			buildActionMask = 2147483647;
			files = (
			);
			runOnlyForDeploymentPostprocessing = 0;
		};
/* End PBXSourcesBuildPhase section */

/* Begin PBXTargetDependency section */
		17D5456A2DD8D8B70044C45E /* PBXTargetDependency */ = {
			isa = PBXTargetDependency;
			productRef = 17D545692DD8D8B70044C45E /* SwiftLintBuildToolPlugin */;
		};
		C18F86CD2DE8426400A05F81 /* PBXTargetDependency */ = {
			isa = PBXTargetDependency;
			productRef = C18F86CC2DE8426400A05F81 /* LicensePlistBuildTool */;
		};
/* End PBXTargetDependency section */

/* Begin XCBuildConfiguration section */
		17A95E592DD58E760096EDDE /* Debug */ = {
			isa = XCBuildConfiguration;
			buildSettings = {
				ALWAYS_SEARCH_USER_PATHS = NO;
				ASSETCATALOG_COMPILER_GENERATE_SWIFT_ASSET_SYMBOL_EXTENSIONS = YES;
				CLANG_ANALYZER_NONNULL = YES;
				CLANG_ANALYZER_NUMBER_OBJECT_CONVERSION = YES_AGGRESSIVE;
				CLANG_CXX_LANGUAGE_STANDARD = "gnu++20";
				CLANG_ENABLE_MODULES = YES;
				CLANG_ENABLE_OBJC_ARC = YES;
				CLANG_ENABLE_OBJC_WEAK = YES;
				CLANG_WARN_BLOCK_CAPTURE_AUTORELEASING = YES;
				CLANG_WARN_BOOL_CONVERSION = YES;
				CLANG_WARN_COMMA = YES;
				CLANG_WARN_CONSTANT_CONVERSION = YES;
				CLANG_WARN_DEPRECATED_OBJC_IMPLEMENTATIONS = YES;
				CLANG_WARN_DIRECT_OBJC_ISA_USAGE = YES_ERROR;
				CLANG_WARN_DOCUMENTATION_COMMENTS = YES;
				CLANG_WARN_EMPTY_BODY = YES;
				CLANG_WARN_ENUM_CONVERSION = YES;
				CLANG_WARN_INFINITE_RECURSION = YES;
				CLANG_WARN_INT_CONVERSION = YES;
				CLANG_WARN_NON_LITERAL_NULL_CONVERSION = YES;
				CLANG_WARN_OBJC_IMPLICIT_RETAIN_SELF = YES;
				CLANG_WARN_OBJC_LITERAL_CONVERSION = YES;
				CLANG_WARN_OBJC_ROOT_CLASS = YES_ERROR;
				CLANG_WARN_QUOTED_INCLUDE_IN_FRAMEWORK_HEADER = YES;
				CLANG_WARN_RANGE_LOOP_ANALYSIS = YES;
				CLANG_WARN_STRICT_PROTOTYPES = YES;
				CLANG_WARN_SUSPICIOUS_MOVE = YES;
				CLANG_WARN_UNGUARDED_AVAILABILITY = YES_AGGRESSIVE;
				CLANG_WARN_UNREACHABLE_CODE = YES;
				CLANG_WARN__DUPLICATE_METHOD_MATCH = YES;
				COPY_PHASE_STRIP = NO;
				DEBUG_INFORMATION_FORMAT = dwarf;
				ENABLE_STRICT_OBJC_MSGSEND = YES;
				ENABLE_TESTABILITY = YES;
				ENABLE_USER_SCRIPT_SANDBOXING = NO;
				GCC_C_LANGUAGE_STANDARD = gnu17;
				GCC_DYNAMIC_NO_PIC = NO;
				GCC_NO_COMMON_BLOCKS = YES;
				GCC_OPTIMIZATION_LEVEL = 0;
				GCC_PREPROCESSOR_DEFINITIONS = (
					"DEBUG=1",
					"$(inherited)",
				);
				GCC_WARN_64_TO_32_BIT_CONVERSION = YES;
				GCC_WARN_ABOUT_RETURN_TYPE = YES_ERROR;
				GCC_WARN_UNDECLARED_SELECTOR = YES;
				GCC_WARN_UNINITIALIZED_AUTOS = YES_AGGRESSIVE;
				GCC_WARN_UNUSED_FUNCTION = YES;
				GCC_WARN_UNUSED_VARIABLE = YES;
				IPHONEOS_DEPLOYMENT_TARGET = 18.4;
				LOCALIZATION_PREFERS_STRING_CATALOGS = YES;
				MTL_ENABLE_DEBUG_INFO = INCLUDE_SOURCE;
				MTL_FAST_MATH = YES;
				ONLY_ACTIVE_ARCH = YES;
				SDKROOT = iphoneos;
				SWIFT_ACTIVE_COMPILATION_CONDITIONS = "DEBUG $(inherited)";
				SWIFT_OPTIMIZATION_LEVEL = "-Onone";
			};
			name = Debug;
		};
		17A95E5A2DD58E760096EDDE /* Release */ = {
			isa = XCBuildConfiguration;
			buildSettings = {
				ALWAYS_SEARCH_USER_PATHS = NO;
				ASSETCATALOG_COMPILER_GENERATE_SWIFT_ASSET_SYMBOL_EXTENSIONS = YES;
				CLANG_ANALYZER_NONNULL = YES;
				CLANG_ANALYZER_NUMBER_OBJECT_CONVERSION = YES_AGGRESSIVE;
				CLANG_CXX_LANGUAGE_STANDARD = "gnu++20";
				CLANG_ENABLE_MODULES = YES;
				CLANG_ENABLE_OBJC_ARC = YES;
				CLANG_ENABLE_OBJC_WEAK = YES;
				CLANG_WARN_BLOCK_CAPTURE_AUTORELEASING = YES;
				CLANG_WARN_BOOL_CONVERSION = YES;
				CLANG_WARN_COMMA = YES;
				CLANG_WARN_CONSTANT_CONVERSION = YES;
				CLANG_WARN_DEPRECATED_OBJC_IMPLEMENTATIONS = YES;
				CLANG_WARN_DIRECT_OBJC_ISA_USAGE = YES_ERROR;
				CLANG_WARN_DOCUMENTATION_COMMENTS = YES;
				CLANG_WARN_EMPTY_BODY = YES;
				CLANG_WARN_ENUM_CONVERSION = YES;
				CLANG_WARN_INFINITE_RECURSION = YES;
				CLANG_WARN_INT_CONVERSION = YES;
				CLANG_WARN_NON_LITERAL_NULL_CONVERSION = YES;
				CLANG_WARN_OBJC_IMPLICIT_RETAIN_SELF = YES;
				CLANG_WARN_OBJC_LITERAL_CONVERSION = YES;
				CLANG_WARN_OBJC_ROOT_CLASS = YES_ERROR;
				CLANG_WARN_QUOTED_INCLUDE_IN_FRAMEWORK_HEADER = YES;
				CLANG_WARN_RANGE_LOOP_ANALYSIS = YES;
				CLANG_WARN_STRICT_PROTOTYPES = YES;
				CLANG_WARN_SUSPICIOUS_MOVE = YES;
				CLANG_WARN_UNGUARDED_AVAILABILITY = YES_AGGRESSIVE;
				CLANG_WARN_UNREACHABLE_CODE = YES;
				CLANG_WARN__DUPLICATE_METHOD_MATCH = YES;
				COPY_PHASE_STRIP = NO;
				DEBUG_INFORMATION_FORMAT = "dwarf-with-dsym";
				ENABLE_NS_ASSERTIONS = NO;
				ENABLE_STRICT_OBJC_MSGSEND = YES;
				ENABLE_USER_SCRIPT_SANDBOXING = NO;
				GCC_C_LANGUAGE_STANDARD = gnu17;
				GCC_NO_COMMON_BLOCKS = YES;
				GCC_WARN_64_TO_32_BIT_CONVERSION = YES;
				GCC_WARN_ABOUT_RETURN_TYPE = YES_ERROR;
				GCC_WARN_UNDECLARED_SELECTOR = YES;
				GCC_WARN_UNINITIALIZED_AUTOS = YES_AGGRESSIVE;
				GCC_WARN_UNUSED_FUNCTION = YES;
				GCC_WARN_UNUSED_VARIABLE = YES;
				IPHONEOS_DEPLOYMENT_TARGET = 18.4;
				LOCALIZATION_PREFERS_STRING_CATALOGS = YES;
				MTL_ENABLE_DEBUG_INFO = NO;
				MTL_FAST_MATH = YES;
				SDKROOT = iphoneos;
				SWIFT_COMPILATION_MODE = wholemodule;
				VALIDATE_PRODUCT = YES;
			};
			name = Release;
		};
		17A95E5C2DD58E760096EDDE /* Debug */ = {
			isa = XCBuildConfiguration;
			baseConfigurationReference = 53ECC382A56AE3887025E0D1 /* Pods-MoruMe.debug.xcconfig */;
			buildSettings = {
				ASSETCATALOG_COMPILER_APPICON_NAME = AppIcon;
				ASSETCATALOG_COMPILER_GLOBAL_ACCENT_COLOR_NAME = AccentColor;
				CODE_SIGN_STYLE = Automatic;
				CURRENT_PROJECT_VERSION = 4;
				DEVELOPMENT_TEAM = "";
				ENABLE_PREVIEWS = YES;
				ENABLE_USER_SCRIPT_SANDBOXING = NO;
				GENERATE_INFOPLIST_FILE = YES;
				INFOPLIST_KEY_CFBundleDisplayName = morume;
				INFOPLIST_KEY_NSCameraUsageDescription = "このアプリは加工を行う顔写真を取得するためにカメラを使用します。";
				INFOPLIST_KEY_NSPhotoLibraryUsageDescription = "このアプリは加工した写真を保存するためにライブラリへアクセスします。";
				INFOPLIST_KEY_UIApplicationSceneManifest_Generation = YES;
				INFOPLIST_KEY_UIApplicationSupportsIndirectInputEvents = YES;
				INFOPLIST_KEY_UILaunchScreen_Generation = YES;
				INFOPLIST_KEY_UISupportedInterfaceOrientations = UIInterfaceOrientationPortrait;
				INFOPLIST_KEY_UISupportedInterfaceOrientations_iPad = "UIInterfaceOrientationLandscapeLeft UIInterfaceOrientationLandscapeRight UIInterfaceOrientationPortrait UIInterfaceOrientationPortraitUpsideDown";
				INFOPLIST_KEY_UIUserInterfaceStyle = Light;
				IPHONEOS_DEPLOYMENT_TARGET = 17.0;
				LD_RUNPATH_SEARCH_PATHS = (
					"$(inherited)",
					"@executable_path/Frameworks",
				);
				MACH_O_TYPE = mh_execute;
				MARKETING_VERSION = 0.2.0;
				OTHER_LDFLAGS = "$(inherited)";
				PRODUCT_BUNDLE_IDENTIFIER = com.hikaruaohara.morume;
				PRODUCT_NAME = "$(TARGET_NAME)";
				SWIFT_EMIT_LOC_STRINGS = YES;
				SWIFT_VERSION = 5.0;
				TARGETED_DEVICE_FAMILY = "1,2";
			};
			name = Debug;
		};
		17A95E5D2DD58E760096EDDE /* Release */ = {
			isa = XCBuildConfiguration;
			baseConfigurationReference = 1DD47B77BB99035E0D36D2D0 /* Pods-MoruMe.release.xcconfig */;
			buildSettings = {
				ASSETCATALOG_COMPILER_APPICON_NAME = AppIcon;
				ASSETCATALOG_COMPILER_GLOBAL_ACCENT_COLOR_NAME = AccentColor;
				CODE_SIGN_STYLE = Automatic;
				CURRENT_PROJECT_VERSION = 4;
				DEVELOPMENT_TEAM = "";
				ENABLE_PREVIEWS = YES;
				ENABLE_USER_SCRIPT_SANDBOXING = NO;
				EXCLUDED_ARCHS = "";
				GENERATE_INFOPLIST_FILE = YES;
				INFOPLIST_KEY_CFBundleDisplayName = morume;
				INFOPLIST_KEY_NSCameraUsageDescription = "このアプリは加工を行う顔写真を取得するためにカメラを使用します。";
				INFOPLIST_KEY_NSPhotoLibraryUsageDescription = "このアプリは加工した写真を保存するためにライブラリへアクセスします。";
				INFOPLIST_KEY_UIApplicationSceneManifest_Generation = YES;
				INFOPLIST_KEY_UIApplicationSupportsIndirectInputEvents = YES;
				INFOPLIST_KEY_UILaunchScreen_Generation = YES;
				INFOPLIST_KEY_UISupportedInterfaceOrientations = UIInterfaceOrientationPortrait;
				INFOPLIST_KEY_UISupportedInterfaceOrientations_iPad = "UIInterfaceOrientationLandscapeLeft UIInterfaceOrientationLandscapeRight UIInterfaceOrientationPortrait UIInterfaceOrientationPortraitUpsideDown";
				INFOPLIST_KEY_UIUserInterfaceStyle = Light;
				IPHONEOS_DEPLOYMENT_TARGET = 17.0;
				LD_RUNPATH_SEARCH_PATHS = (
					"$(inherited)",
					"@executable_path/Frameworks",
				);
				MACH_O_TYPE = mh_execute;
				MARKETING_VERSION = 0.2.0;
				OTHER_LDFLAGS = "$(inherited)";
				PRODUCT_BUNDLE_IDENTIFIER = com.hikaruaohara.morume;
				PRODUCT_NAME = "$(TARGET_NAME)";
				SWIFT_EMIT_LOC_STRINGS = YES;
				SWIFT_VERSION = 5.0;
				TARGETED_DEVICE_FAMILY = "1,2";
			};
			name = Release;
		};
/* End XCBuildConfiguration section */

/* Begin XCConfigurationList section */
		17A95E4B2DD58E750096EDDE /* Build configuration list for PBXProject "MoruMe" */ = {
			isa = XCConfigurationList;
			buildConfigurations = (
				17A95E592DD58E760096EDDE /* Debug */,
				17A95E5A2DD58E760096EDDE /* Release */,
			);
			defaultConfigurationIsVisible = 0;
			defaultConfigurationName = Release;
		};
		17A95E5B2DD58E760096EDDE /* Build configuration list for PBXNativeTarget "MoruMe" */ = {
			isa = XCConfigurationList;
			buildConfigurations = (
				17A95E5C2DD58E760096EDDE /* Debug */,
				17A95E5D2DD58E760096EDDE /* Release */,
			);
			defaultConfigurationIsVisible = 0;
			defaultConfigurationName = Release;
		};
/* End XCConfigurationList section */

/* Begin XCRemoteSwiftPackageReference section */
		176C8E452DE1D91C00DADCAB /* XCRemoteSwiftPackageReference "firebase-ios-sdk" */ = {
			isa = XCRemoteSwiftPackageReference;
			repositoryURL = "https://github.com/firebase/firebase-ios-sdk.git";
			requirement = {
				kind = upToNextMajorVersion;
				minimumVersion = 11.13.0;
			};
		};
		1790CBE72DE2F35C00D72EB9 /* XCRemoteSwiftPackageReference "DelaunaySwift" */ = {
			isa = XCRemoteSwiftPackageReference;
			repositoryURL = "https://github.com/AlexLittlejohn/DelaunaySwift";
			requirement = {
				kind = upToNextMajorVersion;
				minimumVersion = 1.0.0;
			};
		};
		17D545682DD8D84E0044C45E /* XCRemoteSwiftPackageReference "SwiftLintPlugins" */ = {
			isa = XCRemoteSwiftPackageReference;
			repositoryURL = "https://github.com/SimplyDanny/SwiftLintPlugins";
			requirement = {
				kind = upToNextMajorVersion;
				minimumVersion = 0.59.1;
			};
		};
		C18F86CA2DE8421300A05F81 /* XCRemoteSwiftPackageReference "LicensePlist" */ = {
			isa = XCRemoteSwiftPackageReference;
			repositoryURL = "https://github.com/mono0926/LicensePlist.git";
			requirement = {
				kind = upToNextMajorVersion;
				minimumVersion = 3.27.1;
			};
		};
/* End XCRemoteSwiftPackageReference section */

/* Begin XCSwiftPackageProductDependency section */
		176C8E462DE1D91C00DADCAB /* FirebaseAuth */ = {
			isa = XCSwiftPackageProductDependency;
			package = 176C8E452DE1D91C00DADCAB /* XCRemoteSwiftPackageReference "firebase-ios-sdk" */;
			productName = FirebaseAuth;
		};
		176C8E482DE1D91C00DADCAB /* FirebaseCore */ = {
			isa = XCSwiftPackageProductDependency;
			package = 176C8E452DE1D91C00DADCAB /* XCRemoteSwiftPackageReference "firebase-ios-sdk" */;
			productName = FirebaseCore;
		};
		1790CBE82DE2F35C00D72EB9 /* DelaunayTriangulation */ = {
			isa = XCSwiftPackageProductDependency;
			package = 1790CBE72DE2F35C00D72EB9 /* XCRemoteSwiftPackageReference "DelaunaySwift" */;
			productName = DelaunayTriangulation;
		};
		17D545692DD8D8B70044C45E /* SwiftLintBuildToolPlugin */ = {
			isa = XCSwiftPackageProductDependency;
			package = 17D545682DD8D84E0044C45E /* XCRemoteSwiftPackageReference "SwiftLintPlugins" */;
			productName = "plugin:SwiftLintBuildToolPlugin";
		};
		C18F86CC2DE8426400A05F81 /* LicensePlistBuildTool */ = {
			isa = XCSwiftPackageProductDependency;
			package = C18F86CA2DE8421300A05F81 /* XCRemoteSwiftPackageReference "LicensePlist" */;
			productName = "plugin:LicensePlistBuildTool";
		};
/* End XCSwiftPackageProductDependency section */
	};
	rootObject = 17A95E482DD58E750096EDDE /* Project object */;
}
